// !$*UTF8*$!
{
	archiveVersion = 1;
	classes = {
	};
	objectVersion = 56;
	objects = {

/* Begin PBXBuildFile section */
		1723B963296F74F4001C063B /* CoreDataManager.swift in Sources */ = {isa = PBXBuildFile; fileRef = 1723B962296F74F4001C063B /* CoreDataManager.swift */; };
		1723B965296F82FA001C063B /* AddTaskViewModel.swift in Sources */ = {isa = PBXBuildFile; fileRef = 1723B964296F82FA001C063B /* AddTaskViewModel.swift */; };
		1723B969296FC176001C063B /* TaskItem.xcdatamodeld in Sources */ = {isa = PBXBuildFile; fileRef = 1723B967296FC176001C063B /* TaskItem.xcdatamodeld */; };
		17BFB9AE295F7169000020C5 /* HomeTaskApp.swift in Sources */ = {isa = PBXBuildFile; fileRef = 17BFB9AD295F7169000020C5 /* HomeTaskApp.swift */; };
		17BFB9B0295F7169000020C5 /* ContentView.swift in Sources */ = {isa = PBXBuildFile; fileRef = 17BFB9AF295F7169000020C5 /* ContentView.swift */; };
		17BFB9B2295F716B000020C5 /* Assets.xcassets in Resources */ = {isa = PBXBuildFile; fileRef = 17BFB9B1295F716B000020C5 /* Assets.xcassets */; };
		17BFB9B5295F716B000020C5 /* Preview Assets.xcassets in Resources */ = {isa = PBXBuildFile; fileRef = 17BFB9B4295F716B000020C5 /* Preview Assets.xcassets */; };
		17BFB9BC295F749F000020C5 /* TaskListView.swift in Sources */ = {isa = PBXBuildFile; fileRef = 17BFB9BB295F749F000020C5 /* TaskListView.swift */; };
		17BFB9C1295F75BB000020C5 /* TaskModel.swift in Sources */ = {isa = PBXBuildFile; fileRef = 17BFB9C0295F75BB000020C5 /* TaskModel.swift */; };
		17BFB9C3295F8ED6000020C5 /* TaskListViewModel.swift in Sources */ = {isa = PBXBuildFile; fileRef = 17BFB9C2295F8ED6000020C5 /* TaskListViewModel.swift */; };
		17BFB9C6295FBDA4000020C5 /* AddTaskView.swift in Sources */ = {isa = PBXBuildFile; fileRef = 17BFB9C5295FBDA4000020C5 /* AddTaskView.swift */; };
/* End PBXBuildFile section */

/* Begin PBXFileReference section */
		1723B962296F74F4001C063B /* CoreDataManager.swift */ = {isa = PBXFileReference; lastKnownFileType = sourcecode.swift; path = CoreDataManager.swift; sourceTree = "<group>"; };
		1723B964296F82FA001C063B /* AddTaskViewModel.swift */ = {isa = PBXFileReference; lastKnownFileType = sourcecode.swift; path = AddTaskViewModel.swift; sourceTree = "<group>"; };
		1723B968296FC176001C063B /* Task.xcdatamodel */ = {isa = PBXFileReference; lastKnownFileType = wrapper.xcdatamodel; path = Task.xcdatamodel; sourceTree = "<group>"; };
		17BFB9AA295F7169000020C5 /* HomeTask.app */ = {isa = PBXFileReference; explicitFileType = wrapper.application; includeInIndex = 0; path = HomeTask.app; sourceTree = BUILT_PRODUCTS_DIR; };
		17BFB9AD295F7169000020C5 /* HomeTaskApp.swift */ = {isa = PBXFileReference; lastKnownFileType = sourcecode.swift; path = HomeTaskApp.swift; sourceTree = "<group>"; };
		17BFB9AF295F7169000020C5 /* ContentView.swift */ = {isa = PBXFileReference; lastKnownFileType = sourcecode.swift; path = ContentView.swift; sourceTree = "<group>"; };
		17BFB9B1295F716B000020C5 /* Assets.xcassets */ = {isa = PBXFileReference; lastKnownFileType = folder.assetcatalog; path = Assets.xcassets; sourceTree = "<group>"; };
		17BFB9B4295F716B000020C5 /* Preview Assets.xcassets */ = {isa = PBXFileReference; lastKnownFileType = folder.assetcatalog; path = "Preview Assets.xcassets"; sourceTree = "<group>"; };
		17BFB9BB295F749F000020C5 /* TaskListView.swift */ = {isa = PBXFileReference; lastKnownFileType = sourcecode.swift; path = TaskListView.swift; sourceTree = "<group>"; };
		17BFB9C0295F75BB000020C5 /* TaskModel.swift */ = {isa = PBXFileReference; lastKnownFileType = sourcecode.swift; path = TaskModel.swift; sourceTree = "<group>"; };
		17BFB9C2295F8ED6000020C5 /* TaskListViewModel.swift */ = {isa = PBXFileReference; lastKnownFileType = sourcecode.swift; path = TaskListViewModel.swift; sourceTree = "<group>"; };
		17BFB9C5295FBDA4000020C5 /* AddTaskView.swift */ = {isa = PBXFileReference; lastKnownFileType = sourcecode.swift; path = AddTaskView.swift; sourceTree = "<group>"; };
/* End PBXFileReference section */

/* Begin PBXFrameworksBuildPhase section */
		17BFB9A7295F7169000020C5 /* Frameworks */ = {
			isa = PBXFrameworksBuildPhase;
			buildActionMask = 2147483647;
			files = (
			);
			runOnlyForDeploymentPostprocessing = 0;
		};
/* End PBXFrameworksBuildPhase section */

/* Begin PBXGroup section */
		1723B966296F82FF001C063B /* AddTask */ = {
			isa = PBXGroup;
			children = (
				17BFB9C5295FBDA4000020C5 /* AddTaskView.swift */,
				1723B964296F82FA001C063B /* AddTaskViewModel.swift */,
			);
			path = AddTask;
			sourceTree = "<group>";
		};
		17BFB9A1295F7169000020C5 = {
			isa = PBXGroup;
			children = (
				17BFB9AC295F7169000020C5 /* HomeTask */,
				17BFB9AB295F7169000020C5 /* Products */,
			);
			sourceTree = "<group>";
		};
		17BFB9AB295F7169000020C5 /* Products */ = {
			isa = PBXGroup;
			children = (
				17BFB9AA295F7169000020C5 /* HomeTask.app */,
			);
			name = Products;
			sourceTree = "<group>";
		};
		17BFB9AC295F7169000020C5 /* HomeTask */ = {
			isa = PBXGroup;
			children = (
				17BFB9AD295F7169000020C5 /* HomeTaskApp.swift */,
				17BFB9AF295F7169000020C5 /* ContentView.swift */,
				17BFB9BF295F75B1000020C5 /* Model */,
				17BFB9BE295F74FF000020C5 /* TaskList */,
				1723B966296F82FF001C063B /* AddTask */,
				17BFB9B1295F716B000020C5 /* Assets.xcassets */,
				17BFB9B3295F716B000020C5 /* Preview Content */,
			);
			path = HomeTask;
			sourceTree = "<group>";
		};
		17BFB9B3295F716B000020C5 /* Preview Content */ = {
			isa = PBXGroup;
			children = (
				17BFB9B4295F716B000020C5 /* Preview Assets.xcassets */,
			);
			path = "Preview Content";
			sourceTree = "<group>";
		};
		17BFB9BE295F74FF000020C5 /* TaskList */ = {
			isa = PBXGroup;
			children = (
				17BFB9C2295F8ED6000020C5 /* TaskListViewModel.swift */,
				17BFB9BB295F749F000020C5 /* TaskListView.swift */,
			);
			path = TaskList;
			sourceTree = "<group>";
		};
		17BFB9BF295F75B1000020C5 /* Model */ = {
			isa = PBXGroup;
			children = (
				1723B967296FC176001C063B /* TaskItem.xcdatamodeld */,
				17BFB9C0295F75BB000020C5 /* TaskModel.swift */,
				1723B962296F74F4001C063B /* CoreDataManager.swift */,
			);
			path = Model;
			sourceTree = "<group>";
		};
/* End PBXGroup section */

/* Begin PBXNativeTarget section */
		17BFB9A9295F7169000020C5 /* HomeTask */ = {
			isa = PBXNativeTarget;
			buildConfigurationList = 17BFB9B8295F716B000020C5 /* Build configuration list for PBXNativeTarget "HomeTask" */;
			buildPhases = (
				17BFB9A6295F7169000020C5 /* Sources */,
				17BFB9A7295F7169000020C5 /* Frameworks */,
				17BFB9A8295F7169000020C5 /* Resources */,
			);
			buildRules = (
			);
			dependencies = (
			);
			name = HomeTask;
			productName = HomeTask;
			productReference = 17BFB9AA295F7169000020C5 /* HomeTask.app */;
			productType = "com.apple.product-type.application";
		};
/* End PBXNativeTarget section */

/* Begin PBXProject section */
		17BFB9A2295F7169000020C5 /* Project object */ = {
			isa = PBXProject;
			attributes = {
				BuildIndependentTargetsInParallel = 1;
				LastSwiftUpdateCheck = 1420;
				LastUpgradeCheck = 1420;
				TargetAttributes = {
					17BFB9A9295F7169000020C5 = {
						CreatedOnToolsVersion = 14.2;
					};
				};
			};
			buildConfigurationList = 17BFB9A5295F7169000020C5 /* Build configuration list for PBXProject "HomeTask" */;
			compatibilityVersion = "Xcode 14.0";
			developmentRegion = en;
			hasScannedForEncodings = 0;
			knownRegions = (
				en,
				Base,
			);
			mainGroup = 17BFB9A1295F7169000020C5;
			productRefGroup = 17BFB9AB295F7169000020C5 /* Products */;
			projectDirPath = "";
			projectRoot = "";
			targets = (
				17BFB9A9295F7169000020C5 /* HomeTask */,
			);
		};
/* End PBXProject section */

/* Begin PBXResourcesBuildPhase section */
		17BFB9A8295F7169000020C5 /* Resources */ = {
			isa = PBXResourcesBuildPhase;
			buildActionMask = 2147483647;
			files = (
				17BFB9B5295F716B000020C5 /* Preview Assets.xcassets in Resources */,
				17BFB9B2295F716B000020C5 /* Assets.xcassets in Resources */,
			);
			runOnlyForDeploymentPostprocessing = 0;
		};
/* End PBXResourcesBuildPhase section */

/* Begin PBXSourcesBuildPhase section */
		17BFB9A6295F7169000020C5 /* Sources */ = {
			isa = PBXSourcesBuildPhase;
			buildActionMask = 2147483647;
			files = (
				17BFB9C6295FBDA4000020C5 /* AddTaskView.swift in Sources */,
				17BFB9C1295F75BB000020C5 /* TaskModel.swift in Sources */,
				17BFB9B0295F7169000020C5 /* ContentView.swift in Sources */,
				17BFB9C3295F8ED6000020C5 /* TaskListViewModel.swift in Sources */,
				1723B963296F74F4001C063B /* CoreDataManager.swift in Sources */,
				17BFB9AE295F7169000020C5 /* HomeTaskApp.swift in Sources */,
				1723B969296FC176001C063B /* TaskItem.xcdatamodeld in Sources */,
				1723B965296F82FA001C063B /* AddTaskViewModel.swift in Sources */,
				17BFB9BC295F749F000020C5 /* TaskListView.swift in Sources */,
			);
			runOnlyForDeploymentPostprocessing = 0;
		};
/* End PBXSourcesBuildPhase section */

/* Begin XCBuildConfiguration section */
		17BFB9B6295F716B000020C5 /* Debug */ = {
			isa = XCBuildConfiguration;
			buildSettings = {
				ALWAYS_SEARCH_USER_PATHS = NO;
				CLANG_ANALYZER_NONNULL = YES;
				CLANG_ANALYZER_NUMBER_OBJECT_CONVERSION = YES_AGGRESSIVE;
				CLANG_CXX_LANGUAGE_STANDARD = "gnu++20";
				CLANG_ENABLE_MODULES = YES;
				CLANG_ENABLE_OBJC_ARC = YES;
				CLANG_ENABLE_OBJC_WEAK = YES;
				CLANG_WARN_BLOCK_CAPTURE_AUTORELEASING = YES;
				CLANG_WARN_BOOL_CONVERSION = YES;
				CLANG_WARN_COMMA = YES;
				CLANG_WARN_CONSTANT_CONVERSION = YES;
				CLANG_WARN_DEPRECATED_OBJC_IMPLEMENTATIONS = YES;
				CLANG_WARN_DIRECT_OBJC_ISA_USAGE = YES_ERROR;
				CLANG_WARN_DOCUMENTATION_COMMENTS = YES;
				CLANG_WARN_EMPTY_BODY = YES;
				CLANG_WARN_ENUM_CONVERSION = YES;
				CLANG_WARN_INFINITE_RECURSION = YES;
				CLANG_WARN_INT_CONVERSION = YES;
				CLANG_WARN_NON_LITERAL_NULL_CONVERSION = YES;
				CLANG_WARN_OBJC_IMPLICIT_RETAIN_SELF = YES;
				CLANG_WARN_OBJC_LITERAL_CONVERSION = YES;
				CLANG_WARN_OBJC_ROOT_CLASS = YES_ERROR;
				CLANG_WARN_QUOTED_INCLUDE_IN_FRAMEWORK_HEADER = YES;
				CLANG_WARN_RANGE_LOOP_ANALYSIS = YES;
				CLANG_WARN_STRICT_PROTOTYPES = YES;
				CLANG_WARN_SUSPICIOUS_MOVE = YES;
				CLANG_WARN_UNGUARDED_AVAILABILITY = YES_AGGRESSIVE;
				CLANG_WARN_UNREACHABLE_CODE = YES;
				CLANG_WARN__DUPLICATE_METHOD_MATCH = YES;
				COPY_PHASE_STRIP = NO;
				DEBUG_INFORMATION_FORMAT = dwarf;
				ENABLE_STRICT_OBJC_MSGSEND = YES;
				ENABLE_TESTABILITY = YES;
				GCC_C_LANGUAGE_STANDARD = gnu11;
				GCC_DYNAMIC_NO_PIC = NO;
				GCC_NO_COMMON_BLOCKS = YES;
				GCC_OPTIMIZATION_LEVEL = 0;
				GCC_PREPROCESSOR_DEFINITIONS = (
					"DEBUG=1",
					"$(inherited)",
				);
				GCC_WARN_64_TO_32_BIT_CONVERSION = YES;
				GCC_WARN_ABOUT_RETURN_TYPE = YES_ERROR;
				GCC_WARN_UNDECLARED_SELECTOR = YES;
				GCC_WARN_UNINITIALIZED_AUTOS = YES_AGGRESSIVE;
				GCC_WARN_UNUSED_FUNCTION = YES;
				GCC_WARN_UNUSED_VARIABLE = YES;
				IPHONEOS_DEPLOYMENT_TARGET = 16.2;
				MTL_ENABLE_DEBUG_INFO = INCLUDE_SOURCE;
				MTL_FAST_MATH = YES;
				ONLY_ACTIVE_ARCH = YES;
				SDKROOT = iphoneos;
				SWIFT_ACTIVE_COMPILATION_CONDITIONS = DEBUG;
				SWIFT_OPTIMIZATION_LEVEL = "-Onone";
			};
			name = Debug;
		};
		17BFB9B7295F716B000020C5 /* Release */ = {
			isa = XCBuildConfiguration;
			buildSettings = {
				ALWAYS_SEARCH_USER_PATHS = NO;
				CLANG_ANALYZER_NONNULL = YES;
				CLANG_ANALYZER_NUMBER_OBJECT_CONVERSION = YES_AGGRESSIVE;
				CLANG_CXX_LANGUAGE_STANDARD = "gnu++20";
				CLANG_ENABLE_MODULES = YES;
				CLANG_ENABLE_OBJC_ARC = YES;
				CLANG_ENABLE_OBJC_WEAK = YES;
				CLANG_WARN_BLOCK_CAPTURE_AUTORELEASING = YES;
				CLANG_WARN_BOOL_CONVERSION = YES;
				CLANG_WARN_COMMA = YES;
				CLANG_WARN_CONSTANT_CONVERSION = YES;
				CLANG_WARN_DEPRECATED_OBJC_IMPLEMENTATIONS = YES;
				CLANG_WARN_DIRECT_OBJC_ISA_USAGE = YES_ERROR;
				CLANG_WARN_DOCUMENTATION_COMMENTS = YES;
				CLANG_WARN_EMPTY_BODY = YES;
				CLANG_WARN_ENUM_CONVERSION = YES;
				CLANG_WARN_INFINITE_RECURSION = YES;
				CLANG_WARN_INT_CONVERSION = YES;
				CLANG_WARN_NON_LITERAL_NULL_CONVERSION = YES;
				CLANG_WARN_OBJC_IMPLICIT_RETAIN_SELF = YES;
				CLANG_WARN_OBJC_LITERAL_CONVERSION = YES;
				CLANG_WARN_OBJC_ROOT_CLASS = YES_ERROR;
				CLANG_WARN_QUOTED_INCLUDE_IN_FRAMEWORK_HEADER = YES;
				CLANG_WARN_RANGE_LOOP_ANALYSIS = YES;
				CLANG_WARN_STRICT_PROTOTYPES = YES;
				CLANG_WARN_SUSPICIOUS_MOVE = YES;
				CLANG_WARN_UNGUARDED_AVAILABILITY = YES_AGGRESSIVE;
				CLANG_WARN_UNREACHABLE_CODE = YES;
				CLANG_WARN__DUPLICATE_METHOD_MATCH = YES;
				COPY_PHASE_STRIP = NO;
				DEBUG_INFORMATION_FORMAT = "dwarf-with-dsym";
				ENABLE_NS_ASSERTIONS = NO;
				ENABLE_STRICT_OBJC_MSGSEND = YES;
				GCC_C_LANGUAGE_STANDARD = gnu11;
				GCC_NO_COMMON_BLOCKS = YES;
				GCC_WARN_64_TO_32_BIT_CONVERSION = YES;
				GCC_WARN_ABOUT_RETURN_TYPE = YES_ERROR;
				GCC_WARN_UNDECLARED_SELECTOR = YES;
				GCC_WARN_UNINITIALIZED_AUTOS = YES_AGGRESSIVE;
				GCC_WARN_UNUSED_FUNCTION = YES;
				GCC_WARN_UNUSED_VARIABLE = YES;
				IPHONEOS_DEPLOYMENT_TARGET = 16.2;
				MTL_ENABLE_DEBUG_INFO = NO;
				MTL_FAST_MATH = YES;
				SDKROOT = iphoneos;
				SWIFT_COMPILATION_MODE = wholemodule;
				SWIFT_OPTIMIZATION_LEVEL = "-O";
				VALIDATE_PRODUCT = YES;
			};
			name = Release;
		};
		17BFB9B9295F716B000020C5 /* Debug */ = {
			isa = XCBuildConfiguration;
			buildSettings = {
				ASSETCATALOG_COMPILER_APPICON_NAME = AppIcon;
				ASSETCATALOG_COMPILER_GLOBAL_ACCENT_COLOR_NAME = AccentColor;
				CODE_SIGN_STYLE = Automatic;
				CURRENT_PROJECT_VERSION = 1;
				DEVELOPMENT_ASSET_PATHS = "\"HomeTask/Preview Content\"";
				DEVELOPMENT_TEAM = 749Q737TF5;
				ENABLE_PREVIEWS = YES;
				GENERATE_INFOPLIST_FILE = YES;
				INFOPLIST_KEY_UIApplicationSceneManifest_Generation = YES;
				INFOPLIST_KEY_UIApplicationSupportsIndirectInputEvents = YES;
				INFOPLIST_KEY_UILaunchScreen_Generation = YES;
				INFOPLIST_KEY_UISupportedInterfaceOrientations_iPad = "UIInterfaceOrientationPortrait UIInterfaceOrientationPortraitUpsideDown UIInterfaceOrientationLandscapeLeft UIInterfaceOrientationLandscapeRight";
				INFOPLIST_KEY_UISupportedInterfaceOrientations_iPhone = "UIInterfaceOrientationPortrait UIInterfaceOrientationLandscapeLeft UIInterfaceOrientationLandscapeRight";
				LD_RUNPATH_SEARCH_PATHS = (
					"$(inherited)",
					"@executable_path/Frameworks",
				);
				MARKETING_VERSION = 1.0;
				PRODUCT_BUNDLE_IDENTIFIER = br.ufpe.cin.academy.HomeTask;
				PRODUCT_NAME = "$(TARGET_NAME)";
				SWIFT_EMIT_LOC_STRINGS = YES;
				SWIFT_VERSION = 5.0;
				TARGETED_DEVICE_FAMILY = "1,2";
			};
			name = Debug;
		};
		17BFB9BA295F716B000020C5 /* Release */ = {
			isa = XCBuildConfiguration;
			buildSettings = {
				ASSETCATALOG_COMPILER_APPICON_NAME = AppIcon;
				ASSETCATALOG_COMPILER_GLOBAL_ACCENT_COLOR_NAME = AccentColor;
				CODE_SIGN_STYLE = Automatic;
				CURRENT_PROJECT_VERSION = 1;
				DEVELOPMENT_ASSET_PATHS = "\"HomeTask/Preview Content\"";
				DEVELOPMENT_TEAM = 749Q737TF5;
				ENABLE_PREVIEWS = YES;
				GENERATE_INFOPLIST_FILE = YES;
				INFOPLIST_KEY_UIApplicationSceneManifest_Generation = YES;
				INFOPLIST_KEY_UIApplicationSupportsIndirectInputEvents = YES;
				INFOPLIST_KEY_UILaunchScreen_Generation = YES;
				INFOPLIST_KEY_UISupportedInterfaceOrientations_iPad = "UIInterfaceOrientationPortrait UIInterfaceOrientationPortraitUpsideDown UIInterfaceOrientationLandscapeLeft UIInterfaceOrientationLandscapeRight";
				INFOPLIST_KEY_UISupportedInterfaceOrientations_iPhone = "UIInterfaceOrientationPortrait UIInterfaceOrientationLandscapeLeft UIInterfaceOrientationLandscapeRight";
				LD_RUNPATH_SEARCH_PATHS = (
					"$(inherited)",
					"@executable_path/Frameworks",
				);
				MARKETING_VERSION = 1.0;
				PRODUCT_BUNDLE_IDENTIFIER = br.ufpe.cin.academy.HomeTask;
				PRODUCT_NAME = "$(TARGET_NAME)";
				SWIFT_EMIT_LOC_STRINGS = YES;
				SWIFT_VERSION = 5.0;
				TARGETED_DEVICE_FAMILY = "1,2";
			};
			name = Release;
		};
/* End XCBuildConfiguration section */

/* Begin XCConfigurationList section */
		17BFB9A5295F7169000020C5 /* Build configuration list for PBXProject "HomeTask" */ = {
			isa = XCConfigurationList;
			buildConfigurations = (
				17BFB9B6295F716B000020C5 /* Debug */,
				17BFB9B7295F716B000020C5 /* Release */,
			);
			defaultConfigurationIsVisible = 0;
			defaultConfigurationName = Release;
		};
		17BFB9B8295F716B000020C5 /* Build configuration list for PBXNativeTarget "HomeTask" */ = {
			isa = XCConfigurationList;
			buildConfigurations = (
				17BFB9B9295F716B000020C5 /* Debug */,
				17BFB9BA295F716B000020C5 /* Release */,
			);
			defaultConfigurationIsVisible = 0;
			defaultConfigurationName = Release;
		};
/* End XCConfigurationList section */

/* Begin XCVersionGroup section */
		1723B967296FC176001C063B /* TaskItem.xcdatamodeld */ = {
			isa = XCVersionGroup;
			children = (
				1723B968296FC176001C063B /* Task.xcdatamodel */,
			);
			currentVersion = 1723B968296FC176001C063B /* Task.xcdatamodel */;
			name = TaskItem.xcdatamodeld;
			path = ../../TaskItem.xcdatamodeld;
			sourceTree = "<group>";
			versionGroupType = wrapper.xcdatamodel;
		};
/* End XCVersionGroup section */
	};
	rootObject = 17BFB9A2295F7169000020C5 /* Project object */;
}
